github.com/Christomesh/auto-shop v0.0.0-20230108082036-2c6686d10cf5 h1:IFEFACJEeSxdQ5TtNzFH7R1vGaEAsNpEcpWghxAVHVE=
github.com/Christomesh/auto-shop v0.0.0-20230108082036-2c6686d10cf5/go.mod h1:nA1SQFmmmzXRKHz/bKuiiqy4wx20516nrGEwjeZjF3o=
github.com/google/uuid v1.3.0 h1:t6JiXgmwXMjEs8VusXIJk2BXHsn+wx8BZdTaoZ5fu7I=
github.com/google/uuid v1.3.0/go.mod h1:TIyPZe4MgqvfeYDBFedMoGGpEw/LqOeaOT+nhxU+yHo=
